
Microsoft Visual Studio Solution File, Format Version 12.00
# Visual Studio 15
VisualStudioVersion = 15.0.28307.106
MinimumVisualStudioVersion = 10.0.40219.1
Project("{FAE04EC0-301F-11D3-BF4B-00C04F79EFBC}") = "TaraHi_AlGorithm_ProJect", "TaraHi_AlGorithm_ProJect\TaraHi_AlGorithm_ProJect.csproj", "{CF8B2697-4E53-45A1-803F-F7687776A7BF}"
EndProject
Global
	GlobalSection(SolutionConfigurationPlatforms) = preSolution
		Debug|Any CPU = Debug|Any CPU
		Release|Any CPU = Release|Any CPU
	EndGlobalSection
	GlobalSection(ProjectConfigurationPlatforms) = postSolution
		{CF8B2697-4E53-45A1-803F-F7687776A7BF}.Debug|Any CPU.ActiveCfg = Debug|Any CPU
		{CF8B2697-4E53-45A1-803F-F7687776A7BF}.Debug|Any CPU.Build.0 = Debug|Any CPU
		{CF8B2697-4E53-45A1-803F-F7687776A7BF}.Release|Any CPU.ActiveCfg = Release|Any CPU
		{CF8B2697-4E53-45A1-803F-F7687776A7BF}.Release|Any CPU.Build.0 = Release|Any CPU
	EndGlobalSection
	GlobalSection(SolutionProperties) = preSolution
		HideSolutionNode = FALSE
	EndGlobalSection
	GlobalSection(ExtensibilityGlobals) = postSolution
		SolutionGuid = {E4AB0EC4-A8DC-4AA3-8377-4FE086F67A78}
	EndGlobalSection
EndGlobal
